hash: 4f9ccc968953ee7d44e9a263c6da0b74474fdf5541d82df0b3532a49adc57fd5
updated: 2018-04-09T10:34:08.066699641+02:00
imports:
- name: github.com/rukavina/dicgo
  version: 709241afc386bbb4bb6678c717a6407429a270c8
- name: github.com/sirupsen/logrus
  version: c155da19408a8799da419ed3eeb0cb5db0ad5dbc
- name: golang.org/x/crypto
  version: b2aa35443fbc700ab74c586ae79b81c171851023
  subpackages:
  - ssh/terminal
- name: golang.org/x/sys
  version: 3b87a42e500a6dc65dae1a55d0b641295971163e
  subpackages:
  - unix
  - windows
testImports: []
